
Microsoft Visual Studio Solution File, Format Version 12.00
# Visual Studio Version 17
VisualStudioVersion = 17.0.31903.59
MinimumVisualStudioVersion = 10.0.40219.1
Project("{9A19103F-16F7-4668-BE54-9A1E7A4F7556}") = "ShiftingService", "ShiftingService\ShiftingService.csproj", "{F012A15A-5AC5-43AC-BD47-CC85C6DD2A67}"
EndProject
Project("{FAE04EC0-301F-11D3-BF4B-00C04F79EFBC}") = "ShiftUnitTesting", "ShiftUnitTesting\ShiftUnitTesting.csproj", "{FA994D29-1251-44D2-ABD2-2F20C2817E5C}"
EndProject
Global
	GlobalSection(SolutionConfigurationPlatforms) = preSolution
		Debug|Any CPU = Debug|Any CPU
		Release|Any CPU = Release|Any CPU
	EndGlobalSection
	GlobalSection(ProjectConfigurationPlatforms) = postSolution
		{F012A15A-5AC5-43AC-BD47-CC85C6DD2A67}.Debug|Any CPU.ActiveCfg = Debug|Any CPU
		{F012A15A-5AC5-43AC-BD47-CC85C6DD2A67}.Debug|Any CPU.Build.0 = Debug|Any CPU
		{F012A15A-5AC5-43AC-BD47-CC85C6DD2A67}.Release|Any CPU.ActiveCfg = Release|Any CPU
		{F012A15A-5AC5-43AC-BD47-CC85C6DD2A67}.Release|Any CPU.Build.0 = Release|Any CPU
		{FA994D29-1251-44D2-ABD2-2F20C2817E5C}.Debug|Any CPU.ActiveCfg = Debug|Any CPU
		{FA994D29-1251-44D2-ABD2-2F20C2817E5C}.Debug|Any CPU.Build.0 = Debug|Any CPU
		{FA994D29-1251-44D2-ABD2-2F20C2817E5C}.Release|Any CPU.ActiveCfg = Release|Any CPU
		{FA994D29-1251-44D2-ABD2-2F20C2817E5C}.Release|Any CPU.Build.0 = Release|Any CPU
	EndGlobalSection
	GlobalSection(SolutionProperties) = preSolution
		HideSolutionNode = FALSE
	EndGlobalSection
	GlobalSection(ExtensibilityGlobals) = postSolution
		SolutionGuid = {FE923F9D-D712-4293-8815-B2A070602F1C}
	EndGlobalSection
EndGlobal
